// !$*UTF8*$!
{
	archiveVersion = 1;
	classes = {
	};
	objectVersion = 48;
	objects = {

/* Begin PBXBuildFile section */
		105CCB1D1FE1B2A8001CC3FC /* AppDelegate.swift in Sources */ = {isa = PBXBuildFile; fileRef = 105CCB1C1FE1B2A8001CC3FC /* AppDelegate.swift */; };
		105CCB1F1FE1B2A8001CC3FC /* ViewController.swift in Sources */ = {isa = PBXBuildFile; fileRef = 105CCB1E1FE1B2A8001CC3FC /* ViewController.swift */; };
		105CCB221FE1B2A8001CC3FC /* Main.storyboard in Resources */ = {isa = PBXBuildFile; fileRef = 105CCB201FE1B2A8001CC3FC /* Main.storyboard */; };
		105CCB241FE1B2A8001CC3FC /* Assets.xcassets in Resources */ = {isa = PBXBuildFile; fileRef = 105CCB231FE1B2A8001CC3FC /* Assets.xcassets */; };
		105CCB271FE1B2A8001CC3FC /* LaunchScreen.storyboard in Resources */ = {isa = PBXBuildFile; fileRef = 105CCB251FE1B2A8001CC3FC /* LaunchScreen.storyboard */; };
		105CCB301FE1B2C5001CC3FC /* CaptainAmericaShield.swift in Sources */ = {isa = PBXBuildFile; fileRef = 105CCB2F1FE1B2C5001CC3FC /* CaptainAmericaShield.swift */; };
/* End PBXBuildFile section */

/* Begin PBXFileReference section */
		105CCB191FE1B2A8001CC3FC /* CaptainAmericaShield.app */ = {isa = PBXFileReference; explicitFileType = wrapper.application; includeInIndex = 0; path = CaptainAmericaShield.app; sourceTree = BUILT_PRODUCTS_DIR; };
		105CCB1C1FE1B2A8001CC3FC /* AppDelegate.swift */ = {isa = PBXFileReference; lastKnownFileType = sourcecode.swift; path = AppDelegate.swift; sourceTree = "<group>"; };
		105CCB1E1FE1B2A8001CC3FC /* ViewController.swift */ = {isa = PBXFileReference; lastKnownFileType = sourcecode.swift; path = ViewController.swift; sourceTree = "<group>"; };
		105CCB211FE1B2A8001CC3FC /* Base */ = {isa = PBXFileReference; lastKnownFileType = file.storyboard; name = Base; path = Base.lproj/Main.storyboard; sourceTree = "<group>"; };
		105CCB231FE1B2A8001CC3FC /* Assets.xcassets */ = {isa = PBXFileReference; lastKnownFileType = folder.assetcatalog; path = Assets.xcassets; sourceTree = "<group>"; };
		105CCB261FE1B2A8001CC3FC /* Base */ = {isa = PBXFileReference; lastKnownFileType = file.storyboard; name = Base; path = Base.lproj/LaunchScreen.storyboard; sourceTree = "<group>"; };
		105CCB281FE1B2A8001CC3FC /* Info.plist */ = {isa = PBXFileReference; lastKnownFileType = text.plist.xml; path = Info.plist; sourceTree = "<group>"; };
		105CCB2F1FE1B2C5001CC3FC /* CaptainAmericaShield.swift */ = {isa = PBXFileReference; lastKnownFileType = sourcecode.swift; path = CaptainAmericaShield.swift; sourceTree = "<group>"; };
/* End PBXFileReference section */

/* Begin PBXFrameworksBuildPhase section */
		105CCB161FE1B2A8001CC3FC /* Frameworks */ = {
			isa = PBXFrameworksBuildPhase;
			buildActionMask = 2147483647;
			files = (
			);
			runOnlyForDeploymentPostprocessing = 0;
		};
/* End PBXFrameworksBuildPhase section */

/* Begin PBXGroup section */
		105CCB101FE1B2A8001CC3FC = {
			isa = PBXGroup;
			children = (
				105CCB1B1FE1B2A8001CC3FC /* CaptainAmericaShield */,
				105CCB1A1FE1B2A8001CC3FC /* Products */,
			);
			sourceTree = "<group>";
		};
		105CCB1A1FE1B2A8001CC3FC /* Products */ = {
			isa = PBXGroup;
			children = (
				105CCB191FE1B2A8001CC3FC /* CaptainAmericaShield.app */,
			);
			name = Products;
			sourceTree = "<group>";
		};
		105CCB1B1FE1B2A8001CC3FC /* CaptainAmericaShield */ = {
			isa = PBXGroup;
			children = (
				105CCB2E1FE1B2BA001CC3FC /* CaptainAmericaShield */,
				105CCB1C1FE1B2A8001CC3FC /* AppDelegate.swift */,
				105CCB1E1FE1B2A8001CC3FC /* ViewController.swift */,
				105CCB201FE1B2A8001CC3FC /* Main.storyboard */,
				105CCB231FE1B2A8001CC3FC /* Assets.xcassets */,
				105CCB251FE1B2A8001CC3FC /* LaunchScreen.storyboard */,
				105CCB281FE1B2A8001CC3FC /* Info.plist */,
			);
			path = CaptainAmericaShield;
			sourceTree = "<group>";
		};
		105CCB2E1FE1B2BA001CC3FC /* CaptainAmericaShield */ = {
			isa = PBXGroup;
			children = (
				105CCB2F1FE1B2C5001CC3FC /* CaptainAmericaShield.swift */,
			);
			path = CaptainAmericaShield;
			sourceTree = "<group>";
		};
/* End PBXGroup section */

/* Begin PBXNativeTarget section */
		105CCB181FE1B2A8001CC3FC /* CaptainAmericaShield */ = {
			isa = PBXNativeTarget;
			buildConfigurationList = 105CCB2B1FE1B2A8001CC3FC /* Build configuration list for PBXNativeTarget "CaptainAmericaShield" */;
			buildPhases = (
				105CCB151FE1B2A8001CC3FC /* Sources */,
				105CCB161FE1B2A8001CC3FC /* Frameworks */,
				105CCB171FE1B2A8001CC3FC /* Resources */,
			);
			buildRules = (
			);
			dependencies = (
			);
			name = CaptainAmericaShield;
			productName = CaptainAmericaShield;
			productReference = 105CCB191FE1B2A8001CC3FC /* CaptainAmericaShield.app */;
			productType = "com.apple.product-type.application";
		};
/* End PBXNativeTarget section */

/* Begin PBXProject section */
		105CCB111FE1B2A8001CC3FC /* Project object */ = {
			isa = PBXProject;
			attributes = {
				LastSwiftUpdateCheck = 0920;
				LastUpgradeCheck = 0920;
				ORGANIZATIONNAME = "Patryk Gruszka";
				TargetAttributes = {
					105CCB181FE1B2A8001CC3FC = {
						CreatedOnToolsVersion = 9.2;
						ProvisioningStyle = Automatic;
					};
				};
			};
			buildConfigurationList = 105CCB141FE1B2A8001CC3FC /* Build configuration list for PBXProject "CaptainAmericaShield" */;
			compatibilityVersion = "Xcode 8.0";
			developmentRegion = en;
			hasScannedForEncodings = 0;
			knownRegions = (
				en,
				Base,
			);
			mainGroup = 105CCB101FE1B2A8001CC3FC;
			productRefGroup = 105CCB1A1FE1B2A8001CC3FC /* Products */;
			projectDirPath = "";
			projectRoot = "";
			targets = (
				105CCB181FE1B2A8001CC3FC /* CaptainAmericaShield */,
			);
		};
/* End PBXProject section */

/* Begin PBXResourcesBuildPhase section */
		105CCB171FE1B2A8001CC3FC /* Resources */ = {
			isa = PBXResourcesBuildPhase;
			buildActionMask = 2147483647;
			files = (
				105CCB271FE1B2A8001CC3FC /* LaunchScreen.storyboard in Resources */,
				105CCB241FE1B2A8001CC3FC /* Assets.xcassets in Resources */,
				105CCB221FE1B2A8001CC3FC /* Main.storyboard in Resources */,
			);
			runOnlyForDeploymentPostprocessing = 0;
		};
/* End PBXResourcesBuildPhase section */

/* Begin PBXSourcesBuildPhase section */
		105CCB151FE1B2A8001CC3FC /* Sources */ = {
			isa = PBXSourcesBuildPhase;
			buildActionMask = 2147483647;
			files = (
				105CCB301FE1B2C5001CC3FC /* CaptainAmericaShield.swift in Sources */,
				105CCB1F1FE1B2A8001CC3FC /* ViewController.swift in Sources */,
				105CCB1D1FE1B2A8001CC3FC /* AppDelegate.swift in Sources */,
			);
			runOnlyForDeploymentPostprocessing = 0;
		};
/* End PBXSourcesBuildPhase section */

/* Begin PBXVariantGroup section */
		105CCB201FE1B2A8001CC3FC /* Main.storyboard */ = {
			isa = PBXVariantGroup;
			children = (
				105CCB211FE1B2A8001CC3FC /* Base */,
			);
			name = Main.storyboard;
			sourceTree = "<group>";
		};
		105CCB251FE1B2A8001CC3FC /* LaunchScreen.storyboard */ = {
			isa = PBXVariantGroup;
			children = (
				105CCB261FE1B2A8001CC3FC /* Base */,
			);
			name = LaunchScreen.storyboard;
			sourceTree = "<group>";
		};
/* End PBXVariantGroup section */

/* Begin XCBuildConfiguration section */
		105CCB291FE1B2A8001CC3FC /* Debug */ = {
			isa = XCBuildConfiguration;
			buildSettings = {
				ALWAYS_SEARCH_USER_PATHS = NO;
				CLANG_ANALYZER_NONNULL = YES;
				CLANG_ANALYZER_NUMBER_OBJECT_CONVERSION = YES_AGGRESSIVE;
				CLANG_CXX_LANGUAGE_STANDARD = "gnu++14";
				CLANG_CXX_LIBRARY = "libc++";
				CLANG_ENABLE_MODULES = YES;
				CLANG_ENABLE_OBJC_ARC = YES;
				CLANG_WARN_BLOCK_CAPTURE_AUTORELEASING = YES;
				CLANG_WARN_BOOL_CONVERSION = YES;
				CLANG_WARN_COMMA = YES;
				CLANG_WARN_CONSTANT_CONVERSION = YES;
				CLANG_WARN_DIRECT_OBJC_ISA_USAGE = YES_ERROR;
				CLANG_WARN_DOCUMENTATION_COMMENTS = YES;
				CLANG_WARN_EMPTY_BODY = YES;
				CLANG_WARN_ENUM_CONVERSION = YES;
				CLANG_WARN_INFINITE_RECURSION = YES;
				CLANG_WARN_INT_CONVERSION = YES;
				CLANG_WARN_NON_LITERAL_NULL_CONVERSION = YES;
				CLANG_WARN_OBJC_LITERAL_CONVERSION = YES;
				CLANG_WARN_OBJC_ROOT_CLASS = YES_ERROR;
				CLANG_WARN_RANGE_LOOP_ANALYSIS = YES;
				CLANG_WARN_STRICT_PROTOTYPES = YES;
				CLANG_WARN_SUSPICIOUS_MOVE = YES;
				CLANG_WARN_UNGUARDED_AVAILABILITY = YES_AGGRESSIVE;
				CLANG_WARN_UNREACHABLE_CODE = YES;
				CLANG_WARN__DUPLICATE_METHOD_MATCH = YES;
				CODE_SIGN_IDENTITY = "iPhone Developer";
				COPY_PHASE_STRIP = NO;
				DEBUG_INFORMATION_FORMAT = dwarf;
				ENABLE_STRICT_OBJC_MSGSEND = YES;
				ENABLE_TESTABILITY = YES;
				GCC_C_LANGUAGE_STANDARD = gnu11;
				GCC_DYNAMIC_NO_PIC = NO;
				GCC_NO_COMMON_BLOCKS = YES;
				GCC_OPTIMIZATION_LEVEL = 0;
				GCC_PREPROCESSOR_DEFINITIONS = (
					"DEBUG=1",
					"$(inherited)",
				);
				GCC_WARN_64_TO_32_BIT_CONVERSION = YES;
				GCC_WARN_ABOUT_RETURN_TYPE = YES_ERROR;
				GCC_WARN_UNDECLARED_SELECTOR = YES;
				GCC_WARN_UNINITIALIZED_AUTOS = YES_AGGRESSIVE;
				GCC_WARN_UNUSED_FUNCTION = YES;
				GCC_WARN_UNUSED_VARIABLE = YES;
				IPHONEOS_DEPLOYMENT_TARGET = 11.2;
				MTL_ENABLE_DEBUG_INFO = YES;
				ONLY_ACTIVE_ARCH = YES;
				SDKROOT = iphoneos;
				SWIFT_ACTIVE_COMPILATION_CONDITIONS = DEBUG;
				SWIFT_OPTIMIZATION_LEVEL = "-Onone";
			};
			name = Debug;
		};
		105CCB2A1FE1B2A8001CC3FC /* Release */ = {
			isa = XCBuildConfiguration;
			buildSettings = {
				ALWAYS_SEARCH_USER_PATHS = NO;
				CLANG_ANALYZER_NONNULL = YES;
				CLANG_ANALYZER_NUMBER_OBJECT_CONVERSION = YES_AGGRESSIVE;
				CLANG_CXX_LANGUAGE_STANDARD = "gnu++14";
				CLANG_CXX_LIBRARY = "libc++";
				CLANG_ENABLE_MODULES = YES;
				CLANG_ENABLE_OBJC_ARC = YES;
				CLANG_WARN_BLOCK_CAPTURE_AUTORELEASING = YES;
				CLANG_WARN_BOOL_CONVERSION = YES;
				CLANG_WARN_COMMA = YES;
				CLANG_WARN_CONSTANT_CONVERSION = YES;
				CLANG_WARN_DIRECT_OBJC_ISA_USAGE = YES_ERROR;
				CLANG_WARN_DOCUMENTATION_COMMENTS = YES;
				CLANG_WARN_EMPTY_BODY = YES;
				CLANG_WARN_ENUM_CONVERSION = YES;
				CLANG_WARN_INFINITE_RECURSION = YES;
				CLANG_WARN_INT_CONVERSION = YES;
				CLANG_WARN_NON_LITERAL_NULL_CONVERSION = YES;
				CLANG_WARN_OBJC_LITERAL_CONVERSION = YES;
				CLANG_WARN_OBJC_ROOT_CLASS = YES_ERROR;
				CLANG_WARN_RANGE_LOOP_ANALYSIS = YES;
				CLANG_WARN_STRICT_PROTOTYPES = YES;
				CLANG_WARN_SUSPICIOUS_MOVE = YES;
				CLANG_WARN_UNGUARDED_AVAILABILITY = YES_AGGRESSIVE;
				CLANG_WARN_UNREACHABLE_CODE = YES;
				CLANG_WARN__DUPLICATE_METHOD_MATCH = YES;
				CODE_SIGN_IDENTITY = "iPhone Developer";
				COPY_PHASE_STRIP = NO;
				DEBUG_INFORMATION_FORMAT = "dwarf-with-dsym";
				ENABLE_NS_ASSERTIONS = NO;
				ENABLE_STRICT_OBJC_MSGSEND = YES;
				GCC_C_LANGUAGE_STANDARD = gnu11;
				GCC_NO_COMMON_BLOCKS = YES;
				GCC_WARN_64_TO_32_BIT_CONVERSION = YES;
				GCC_WARN_ABOUT_RETURN_TYPE = YES_ERROR;
				GCC_WARN_UNDECLARED_SELECTOR = YES;
				GCC_WARN_UNINITIALIZED_AUTOS = YES_AGGRESSIVE;
				GCC_WARN_UNUSED_FUNCTION = YES;
				GCC_WARN_UNUSED_VARIABLE = YES;
				IPHONEOS_DEPLOYMENT_TARGET = 11.2;
				MTL_ENABLE_DEBUG_INFO = NO;
				SDKROOT = iphoneos;
				SWIFT_OPTIMIZATION_LEVEL = "-Owholemodule";
				VALIDATE_PRODUCT = YES;
			};
			name = Release;
		};
		105CCB2C1FE1B2A8001CC3FC /* Debug */ = {
			isa = XCBuildConfiguration;
			buildSettings = {
				ASSETCATALOG_COMPILER_APPICON_NAME = AppIcon;
				CODE_SIGN_STYLE = Automatic;
				INFOPLIST_FILE = CaptainAmericaShield/Info.plist;
				LD_RUNPATH_SEARCH_PATHS = "$(inherited) @executable_path/Frameworks";
				PRODUCT_BUNDLE_IDENTIFIER = com.avengers.captainamerica.shield.CaptainAmericaShield;
				PRODUCT_NAME = "$(TARGET_NAME)";
				SWIFT_VERSION = 4.0;
				TARGETED_DEVICE_FAMILY = "1,2";
			};
			name = Debug;
		};
		105CCB2D1FE1B2A8001CC3FC /* Release */ = {
			isa = XCBuildConfiguration;
			buildSettings = {
				ASSETCATALOG_COMPILER_APPICON_NAME = AppIcon;
				CODE_SIGN_STYLE = Automatic;
				INFOPLIST_FILE = CaptainAmericaShield/Info.plist;
				LD_RUNPATH_SEARCH_PATHS = "$(inherited) @executable_path/Frameworks";
				PRODUCT_BUNDLE_IDENTIFIER = com.avengers.captainamerica.shield.CaptainAmericaShield;
				PRODUCT_NAME = "$(TARGET_NAME)";
				SWIFT_VERSION = 4.0;
				TARGETED_DEVICE_FAMILY = "1,2";
			};
			name = Release;
		};
/* End XCBuildConfiguration section */

/* Begin XCConfigurationList section */
		105CCB141FE1B2A8001CC3FC /* Build configuration list for PBXProject "CaptainAmericaShield" */ = {
			isa = XCConfigurationList;
			buildConfigurations = (
				105CCB291FE1B2A8001CC3FC /* Debug */,
				105CCB2A1FE1B2A8001CC3FC /* Release */,
			);
			defaultConfigurationIsVisible = 0;
			defaultConfigurationName = Release;
		};
		105CCB2B1FE1B2A8001CC3FC /* Build configuration list for PBXNativeTarget "CaptainAmericaShield" */ = {
			isa = XCConfigurationList;
			buildConfigurations = (
				105CCB2C1FE1B2A8001CC3FC /* Debug */,
				105CCB2D1FE1B2A8001CC3FC /* Release */,
			);
			defaultConfigurationIsVisible = 0;
			defaultConfigurationName = Release;
		};
/* End XCConfigurationList section */
	};
	rootObject = 105CCB111FE1B2A8001CC3FC /* Project object */;
}
